<?xml version="1.0" encoding="utf-8"?>
<Project ToolsVersion="4.0" xmlns="http://schemas.microsoft.com/developer/msbuild/2003">
  <ItemGroup>
    <Filter Include="ソース ファイル">
      <UniqueIdentifier>{4FC737F1-C7A5-4376-A066-2A32D752A2FF}</UniqueIdentifier>
      <Extensions>cpp;c;cc;cxx;c++;cppm;ixx;def;odl;idl;hpj;bat;asm;asmx</Extensions>
    </Filter>
    <Filter Include="ヘッダー ファイル">
      <UniqueIdentifier>{93995380-89BD-4b04-88EB-625FBE52EBFB}</UniqueIdentifier>
      <Extensions>h;hh;hpp;hxx;h++;hm;inl;inc;ipp;xsd</Extensions>
    </Filter>
    <Filter Include="リソース ファイル">
      <UniqueIdentifier>{67DA6AB6-F800-4c08-8B7A-83BB121AAD01}</UniqueIdentifier>
      <Extensions>rc;ico;cur;bmp;dlg;rc2;rct;bin;rgs;gif;jpg;jpeg;jpe;resx;tiff;tif;png;wav;mfcribbon-ms</Extensions>
    </Filter>
    <Filter Include="IOManager">
      <UniqueIdentifier>{432cd7c8-3323-4384-98df-e099c6212a14}</UniqueIdentifier>
    </Filter>
    <Filter Include="EventHandler">
      <UniqueIdentifier>{b5756533-c1c1-4be7-980d-31d83682d32b}</UniqueIdentifier>
    </Filter>
    <Filter Include="StateMachine">
      <UniqueIdentifier>{d98b117a-77de-4f83-9a1c-135684d552bf}</UniqueIdentifier>
    </Filter>
    <Filter Include="Log">
      <UniqueIdentifier>{f71281bc-8cab-41cf-b42c-6bffcddb65fe}</UniqueIdentifier>
    </Filter>
    <Filter Include="StateMachine\State">
      <UniqueIdentifier>{a62cd8fd-18c5-4212-8050-e701b53d2995}</UniqueIdentifier>
    </Filter>
  </ItemGroup>
  <ItemGroup>
    <ClCompile Include="main.cpp">
      <Filter>ソース ファイル</Filter>
    </ClCompile>
    <ClCompile Include="AddressInfo.cpp">
      <Filter>ソース ファイル</Filter>
    </ClCompile>
    <ClCompile Include="OpecodeInfo.cpp">
      <Filter>ソース ファイル</Filter>
    </ClCompile>
    <ClCompile Include="OperandInfo.cpp">
      <Filter>ソース ファイル</Filter>
    </ClCompile>
    <ClCompile Include="ConsoleIOManager.cpp">
      <Filter>IOManager</Filter>
    </ClCompile>
    <ClCompile Include="FileIOManager.cpp">
      <Filter>IOManager</Filter>
    </ClCompile>
    <ClCompile Include="IOManagerBase.cpp">
      <Filter>IOManager</Filter>
    </ClCompile>
    <ClCompile Include="EventData.cpp">
      <Filter>EventHandler</Filter>
    </ClCompile>
    <ClCompile Include="EventHandler.cpp">
      <Filter>EventHandler</Filter>
    </ClCompile>
    <ClCompile Include="StateBase.cpp">
      <Filter>StateMachine</Filter>
    </ClCompile>
    <ClCompile Include="StateManager.cpp">
      <Filter>StateMachine</Filter>
    </ClCompile>
    <ClCompile Include="Logger.cpp">
      <Filter>Log</Filter>
    </ClCompile>
    <ClCompile Include="AssemblingState.cpp">
      <Filter>StateMachine\State</Filter>
    </ClCompile>
    <ClCompile Include="FinalizeState.cpp">
      <Filter>StateMachine\State</Filter>
    </ClCompile>
    <ClCompile Include="IdleState.cpp">
      <Filter>StateMachine\State</Filter>
    </ClCompile>
    <ClCompile Include="InitializeState.cpp">
      <Filter>StateMachine\State</Filter>
    </ClCompile>
    <ClCompile Include="ReadingState.cpp">
      <Filter>StateMachine\State</Filter>
    </ClCompile>
    <ClCompile Include="ShowingResultState.cpp">
      <Filter>StateMachine\State</Filter>
    </ClCompile>
    <ClCompile Include="WritingState.cpp">
      <Filter>StateMachine\State</Filter>
    </ClCompile>
  </ItemGroup>
  <ItemGroup>
    <ClInclude Include="ResultCode.h">
      <Filter>ヘッダー ファイル</Filter>
    </ClInclude>
    <ClInclude Include="AddressInfo.h">
      <Filter>ヘッダー ファイル</Filter>
    </ClInclude>
    <ClInclude Include="OpecodeInfo.h">
      <Filter>ヘッダー ファイル</Filter>
    </ClInclude>
    <ClInclude Include="OperandInfo.h">
      <Filter>ヘッダー ファイル</Filter>
    </ClInclude>
    <ClInclude Include="ConsoleIOManager.h">
      <Filter>IOManager</Filter>
    </ClInclude>
    <ClInclude Include="FileIOManager.h">
      <Filter>IOManager</Filter>
    </ClInclude>
    <ClInclude Include="IOManagerBase.h">
      <Filter>IOManager</Filter>
    </ClInclude>
    <ClInclude Include="IOType.h">
      <Filter>IOManager</Filter>
    </ClInclude>
    <ClInclude Include="EventHandler.h">
      <Filter>EventHandler</Filter>
    </ClInclude>
    <ClInclude Include="EventData.h">
      <Filter>EventHandler</Filter>
    </ClInclude>
    <ClInclude Include="EventType.h">
      <Filter>EventHandler</Filter>
    </ClInclude>
    <ClInclude Include="StateBase.h">
      <Filter>StateMachine</Filter>
    </ClInclude>
    <ClInclude Include="StateManager.h">
      <Filter>StateMachine</Filter>
    </ClInclude>
    <ClInclude Include="StateType.h">
      <Filter>StateMachine</Filter>
    </ClInclude>
    <ClInclude Include="Logger.h">
      <Filter>Log</Filter>
    </ClInclude>
    <ClInclude Include="MessageConstants.h">
      <Filter>Log</Filter>
    </ClInclude>
    <ClInclude Include="AssemblingState.h">
      <Filter>StateMachine\State</Filter>
    </ClInclude>
    <ClInclude Include="FinalizeState.h">
      <Filter>StateMachine\State</Filter>
    </ClInclude>
    <ClInclude Include="IdleState.h">
      <Filter>StateMachine\State</Filter>
    </ClInclude>
    <ClInclude Include="InitializeState.h">
      <Filter>StateMachine\State</Filter>
    </ClInclude>
    <ClInclude Include="ReadingState.h">
      <Filter>StateMachine\State</Filter>
    </ClInclude>
    <ClInclude Include="ShowingResultState.h">
      <Filter>StateMachine\State</Filter>
    </ClInclude>
    <ClInclude Include="WritingState.h">
      <Filter>StateMachine\State</Filter>
    </ClInclude>
  </ItemGroup>
</Project>